Microsoft Visual Studio Solution File, Format Version 12.00
# Visual Studio Version 17
VisualStudioVersion = 17.5.2.0
MinimumVisualStudioVersion = 10.0.40219.1
Project("{FAE04EC0-301F-11D3-BF4B-00C04F79EFBC}") = "CRM.API", "CRM.API\CRM.API.csproj", "{F5E61DFB-1D0F-412F-B99A-CA651EA246C1}"
EndProject
Global
	GlobalSection(SolutionConfigurationPlatforms) = preSolution
		Debug|Any CPU = Debug|Any CPU
		Release|Any CPU = Release|Any CPU
	EndGlobalSection
	GlobalSection(ProjectConfigurationPlatforms) = postSolution
		{F5E61DFB-1D0F-412F-B99A-CA651EA246C1}.Debug|Any CPU.ActiveCfg = Debug|Any CPU
		{F5E61DFB-1D0F-412F-B99A-CA651EA246C1}.Debug|Any CPU.Build.0 = Debug|Any CPU
		{F5E61DFB-1D0F-412F-B99A-CA651EA246C1}.Release|Any CPU.ActiveCfg = Release|Any CPU
		{F5E61DFB-1D0F-412F-B99A-CA651EA246C1}.Release|Any CPU.Build.0 = Release|Any CPU
	EndGlobalSection
	GlobalSection(SolutionProperties) = preSolution
		HideSolutionNode = FALSE
	EndGlobalSection
	GlobalSection(ExtensibilityGlobals) = postSolution
		SolutionGuid = {C955C36A-866B-4117-986B-98D519A3A9B5}
	EndGlobalSection
EndGlobal
